// !$*UTF8*$!
{
	archiveVersion = 1;
	classes = {
	};
	objectVersion = 56;
	objects = {

/* Begin PBXBuildFile section */
		18414CAA2BDA1A95003F93CE /* AppDelegate.swift in Sources */ = {isa = PBXBuildFile; fileRef = 18414CA92BDA1A95003F93CE /* AppDelegate.swift */; };
		18414CAC2BDA1A95003F93CE /* SceneDelegate.swift in Sources */ = {isa = PBXBuildFile; fileRef = 18414CAB2BDA1A95003F93CE /* SceneDelegate.swift */; };
		18414CAE2BDA1A95003F93CE /* ViewController.swift in Sources */ = {isa = PBXBuildFile; fileRef = 18414CAD2BDA1A95003F93CE /* ViewController.swift */; };
		18414CB12BDA1A95003F93CE /* Main.storyboard in Resources */ = {isa = PBXBuildFile; fileRef = 18414CAF2BDA1A95003F93CE /* Main.storyboard */; };
		18414CB32BDA1A98003F93CE /* Assets.xcassets in Resources */ = {isa = PBXBuildFile; fileRef = 18414CB22BDA1A98003F93CE /* Assets.xcassets */; };
		18414CB62BDA1A98003F93CE /* LaunchScreen.storyboard in Resources */ = {isa = PBXBuildFile; fileRef = 18414CB42BDA1A98003F93CE /* LaunchScreen.storyboard */; };
		18414CBE2BDA1CDA003F93CE /* ResisterPage.swift in Sources */ = {isa = PBXBuildFile; fileRef = 18414CBD2BDA1CDA003F93CE /* ResisterPage.swift */; };
		18414CC02BDA2023003F93CE /* VotingPage.swift in Sources */ = {isa = PBXBuildFile; fileRef = 18414CBF2BDA2023003F93CE /* VotingPage.swift */; };
		18414CC42BDA2E1E003F93CE /* CandidateCell.swift in Sources */ = {isa = PBXBuildFile; fileRef = 18414CC32BDA2E1E003F93CE /* CandidateCell.swift */; };
		185C162D2C50C45B00EC224B /* AdminVC.swift in Sources */ = {isa = PBXBuildFile; fileRef = 185C162C2C50C45B00EC224B /* AdminVC.swift */; };
		186106252C53660100316AE1 /* AdminLogInVC.swift in Sources */ = {isa = PBXBuildFile; fileRef = 186106242C53660100316AE1 /* AdminLogInVC.swift */; };
		18DD82002BDCCC0000494042 /* VoteCTVC.swift in Sources */ = {isa = PBXBuildFile; fileRef = 18DD81FF2BDCCC0000494042 /* VoteCTVC.swift */; };
/* End PBXBuildFile section */

/* Begin PBXFileReference section */
		18414CA62BDA1A95003F93CE /* VotingApp.app */ = {isa = PBXFileReference; explicitFileType = wrapper.application; includeInIndex = 0; path = VotingApp.app; sourceTree = BUILT_PRODUCTS_DIR; };
		18414CA92BDA1A95003F93CE /* AppDelegate.swift */ = {isa = PBXFileReference; lastKnownFileType = sourcecode.swift; path = AppDelegate.swift; sourceTree = "<group>"; };
		18414CAB2BDA1A95003F93CE /* SceneDelegate.swift */ = {isa = PBXFileReference; lastKnownFileType = sourcecode.swift; path = SceneDelegate.swift; sourceTree = "<group>"; };
		18414CAD2BDA1A95003F93CE /* ViewController.swift */ = {isa = PBXFileReference; lastKnownFileType = sourcecode.swift; path = ViewController.swift; sourceTree = "<group>"; };
		18414CB02BDA1A95003F93CE /* Base */ = {isa = PBXFileReference; lastKnownFileType = file.storyboard; name = Base; path = Base.lproj/Main.storyboard; sourceTree = "<group>"; };
		18414CB22BDA1A98003F93CE /* Assets.xcassets */ = {isa = PBXFileReference; lastKnownFileType = folder.assetcatalog; path = Assets.xcassets; sourceTree = "<group>"; };
		18414CB52BDA1A98003F93CE /* Base */ = {isa = PBXFileReference; lastKnownFileType = file.storyboard; name = Base; path = Base.lproj/LaunchScreen.storyboard; sourceTree = "<group>"; };
		18414CB72BDA1A98003F93CE /* Info.plist */ = {isa = PBXFileReference; lastKnownFileType = text.plist.xml; path = Info.plist; sourceTree = "<group>"; };
		18414CBD2BDA1CDA003F93CE /* ResisterPage.swift */ = {isa = PBXFileReference; lastKnownFileType = sourcecode.swift; path = ResisterPage.swift; sourceTree = "<group>"; };
		18414CBF2BDA2023003F93CE /* VotingPage.swift */ = {isa = PBXFileReference; lastKnownFileType = sourcecode.swift; path = VotingPage.swift; sourceTree = "<group>"; };
		18414CC32BDA2E1E003F93CE /* CandidateCell.swift */ = {isa = PBXFileReference; lastKnownFileType = sourcecode.swift; path = CandidateCell.swift; sourceTree = "<group>"; };
		185C162C2C50C45B00EC224B /* AdminVC.swift */ = {isa = PBXFileReference; lastKnownFileType = sourcecode.swift; path = AdminVC.swift; sourceTree = "<group>"; };
		186106242C53660100316AE1 /* AdminLogInVC.swift */ = {isa = PBXFileReference; lastKnownFileType = sourcecode.swift; path = AdminLogInVC.swift; sourceTree = "<group>"; };
		18DD81FF2BDCCC0000494042 /* VoteCTVC.swift */ = {isa = PBXFileReference; lastKnownFileType = sourcecode.swift; path = VoteCTVC.swift; sourceTree = "<group>"; };
/* End PBXFileReference section */

/* Begin PBXFrameworksBuildPhase section */
		18414CA32BDA1A95003F93CE /* Frameworks */ = {
			isa = PBXFrameworksBuildPhase;
			buildActionMask = 2147483647;
			files = (
			);
			runOnlyForDeploymentPostprocessing = 0;
		};
/* End PBXFrameworksBuildPhase section */

/* Begin PBXGroup section */
		18414C9D2BDA1A95003F93CE = {
			isa = PBXGroup;
			children = (
				18414CA82BDA1A95003F93CE /* VotingApp */,
				18414CA72BDA1A95003F93CE /* Products */,
			);
			sourceTree = "<group>";
		};
		18414CA72BDA1A95003F93CE /* Products */ = {
			isa = PBXGroup;
			children = (
				18414CA62BDA1A95003F93CE /* VotingApp.app */,
			);
			name = Products;
			sourceTree = "<group>";
		};
		18414CA82BDA1A95003F93CE /* VotingApp */ = {
			isa = PBXGroup;
			children = (
				18414CA92BDA1A95003F93CE /* AppDelegate.swift */,
				18414CAB2BDA1A95003F93CE /* SceneDelegate.swift */,
				18414CAF2BDA1A95003F93CE /* Main.storyboard */,
				186106242C53660100316AE1 /* AdminLogInVC.swift */,
				185C162C2C50C45B00EC224B /* AdminVC.swift */,
				18414CAD2BDA1A95003F93CE /* ViewController.swift */,
				18414CBD2BDA1CDA003F93CE /* ResisterPage.swift */,
				18414CBF2BDA2023003F93CE /* VotingPage.swift */,
				18414CC32BDA2E1E003F93CE /* CandidateCell.swift */,
				18414CB22BDA1A98003F93CE /* Assets.xcassets */,
				18414CB42BDA1A98003F93CE /* LaunchScreen.storyboard */,
				18414CB72BDA1A98003F93CE /* Info.plist */,
				18DD81FF2BDCCC0000494042 /* VoteCTVC.swift */,
			);
			path = VotingApp;
			sourceTree = "<group>";
		};
/* End PBXGroup section */

/* Begin PBXNativeTarget section */
		18414CA52BDA1A95003F93CE /* VotingApp */ = {
			isa = PBXNativeTarget;
			buildConfigurationList = 18414CBA2BDA1A98003F93CE /* Build configuration list for PBXNativeTarget "VotingApp" */;
			buildPhases = (
				18414CA22BDA1A95003F93CE /* Sources */,
				18414CA32BDA1A95003F93CE /* Frameworks */,
				18414CA42BDA1A95003F93CE /* Resources */,
			);
			buildRules = (
			);
			dependencies = (
			);
			name = VotingApp;
			packageProductDependencies = (
			);
			productName = VotingApp;
			productReference = 18414CA62BDA1A95003F93CE /* VotingApp.app */;
			productType = "com.apple.product-type.application";
		};
/* End PBXNativeTarget section */

/* Begin PBXProject section */
		18414C9E2BDA1A95003F93CE /* Project object */ = {
			isa = PBXProject;
			attributes = {
				BuildIndependentTargetsInParallel = 1;
				LastSwiftUpdateCheck = 1520;
				LastUpgradeCheck = 1520;
				TargetAttributes = {
					18414CA52BDA1A95003F93CE = {
						CreatedOnToolsVersion = 15.2;
					};
				};
			};
			buildConfigurationList = 18414CA12BDA1A95003F93CE /* Build configuration list for PBXProject "VotingApp" */;
			compatibilityVersion = "Xcode 14.0";
			developmentRegion = en;
			hasScannedForEncodings = 0;
			knownRegions = (
				en,
				Base,
			);
			mainGroup = 18414C9D2BDA1A95003F93CE;
			packageReferences = (
			);
			productRefGroup = 18414CA72BDA1A95003F93CE /* Products */;
			projectDirPath = "";
			projectRoot = "";
			targets = (
				18414CA52BDA1A95003F93CE /* VotingApp */,
			);
		};
/* End PBXProject section */

/* Begin PBXResourcesBuildPhase section */
		18414CA42BDA1A95003F93CE /* Resources */ = {
			isa = PBXResourcesBuildPhase;
			buildActionMask = 2147483647;
			files = (
				18414CB62BDA1A98003F93CE /* LaunchScreen.storyboard in Resources */,
				18414CB32BDA1A98003F93CE /* Assets.xcassets in Resources */,
				18414CB12BDA1A95003F93CE /* Main.storyboard in Resources */,
			);
			runOnlyForDeploymentPostprocessing = 0;
		};
/* End PBXResourcesBuildPhase section */

/* Begin PBXSourcesBuildPhase section */
		18414CA22BDA1A95003F93CE /* Sources */ = {
			isa = PBXSourcesBuildPhase;
			buildActionMask = 2147483647;
			files = (
				185C162D2C50C45B00EC224B /* AdminVC.swift in Sources */,
				18414CC02BDA2023003F93CE /* VotingPage.swift in Sources */,
				18414CC42BDA2E1E003F93CE /* CandidateCell.swift in Sources */,
				18414CAE2BDA1A95003F93CE /* ViewController.swift in Sources */,
				18414CAA2BDA1A95003F93CE /* AppDelegate.swift in Sources */,
				18414CAC2BDA1A95003F93CE /* SceneDelegate.swift in Sources */,
				18414CBE2BDA1CDA003F93CE /* ResisterPage.swift in Sources */,
				186106252C53660100316AE1 /* AdminLogInVC.swift in Sources */,
				18DD82002BDCCC0000494042 /* VoteCTVC.swift in Sources */,
			);
			runOnlyForDeploymentPostprocessing = 0;
		};
/* End PBXSourcesBuildPhase section */

/* Begin PBXVariantGroup section */
		18414CAF2BDA1A95003F93CE /* Main.storyboard */ = {
			isa = PBXVariantGroup;
			children = (
				18414CB02BDA1A95003F93CE /* Base */,
			);
			name = Main.storyboard;
			sourceTree = "<group>";
		};
		18414CB42BDA1A98003F93CE /* LaunchScreen.storyboard */ = {
			isa = PBXVariantGroup;
			children = (
				18414CB52BDA1A98003F93CE /* Base */,
			);
			name = LaunchScreen.storyboard;
			sourceTree = "<group>";
		};
/* End PBXVariantGroup section */

/* Begin XCBuildConfiguration section */
		18414CB82BDA1A98003F93CE /* Debug */ = {
			isa = XCBuildConfiguration;
			buildSettings = {
				ALWAYS_SEARCH_USER_PATHS = NO;
				ASSETCATALOG_COMPILER_GENERATE_SWIFT_ASSET_SYMBOL_EXTENSIONS = YES;
				CLANG_ANALYZER_NONNULL = YES;
				CLANG_ANALYZER_NUMBER_OBJECT_CONVERSION = YES_AGGRESSIVE;
				CLANG_CXX_LANGUAGE_STANDARD = "gnu++20";
				CLANG_ENABLE_MODULES = YES;
				CLANG_ENABLE_OBJC_ARC = YES;
				CLANG_ENABLE_OBJC_WEAK = YES;
				CLANG_WARN_BLOCK_CAPTURE_AUTORELEASING = YES;
				CLANG_WARN_BOOL_CONVERSION = YES;
				CLANG_WARN_COMMA = YES;
				CLANG_WARN_CONSTANT_CONVERSION = YES;
				CLANG_WARN_DEPRECATED_OBJC_IMPLEMENTATIONS = YES;
				CLANG_WARN_DIRECT_OBJC_ISA_USAGE = YES_ERROR;
				CLANG_WARN_DOCUMENTATION_COMMENTS = YES;
				CLANG_WARN_EMPTY_BODY = YES;
				CLANG_WARN_ENUM_CONVERSION = YES;
				CLANG_WARN_INFINITE_RECURSION = YES;
				CLANG_WARN_INT_CONVERSION = YES;
				CLANG_WARN_NON_LITERAL_NULL_CONVERSION = YES;
				CLANG_WARN_OBJC_IMPLICIT_RETAIN_SELF = YES;
				CLANG_WARN_OBJC_LITERAL_CONVERSION = YES;
				CLANG_WARN_OBJC_ROOT_CLASS = YES_ERROR;
				CLANG_WARN_QUOTED_INCLUDE_IN_FRAMEWORK_HEADER = YES;
				CLANG_WARN_RANGE_LOOP_ANALYSIS = YES;
				CLANG_WARN_STRICT_PROTOTYPES = YES;
				CLANG_WARN_SUSPICIOUS_MOVE = YES;
				CLANG_WARN_UNGUARDED_AVAILABILITY = YES_AGGRESSIVE;
				CLANG_WARN_UNREACHABLE_CODE = YES;
				CLANG_WARN__DUPLICATE_METHOD_MATCH = YES;
				COPY_PHASE_STRIP = NO;
				DEBUG_INFORMATION_FORMAT = dwarf;
				ENABLE_STRICT_OBJC_MSGSEND = YES;
				ENABLE_TESTABILITY = YES;
				ENABLE_USER_SCRIPT_SANDBOXING = YES;
				GCC_C_LANGUAGE_STANDARD = gnu17;
				GCC_DYNAMIC_NO_PIC = NO;
				GCC_NO_COMMON_BLOCKS = YES;
				GCC_OPTIMIZATION_LEVEL = 0;
				GCC_PREPROCESSOR_DEFINITIONS = (
					"DEBUG=1",
					"$(inherited)",
				);
				GCC_WARN_64_TO_32_BIT_CONVERSION = YES;
				GCC_WARN_ABOUT_RETURN_TYPE = YES_ERROR;
				GCC_WARN_UNDECLARED_SELECTOR = YES;
				GCC_WARN_UNINITIALIZED_AUTOS = YES_AGGRESSIVE;
				GCC_WARN_UNUSED_FUNCTION = YES;
				GCC_WARN_UNUSED_VARIABLE = YES;
				IPHONEOS_DEPLOYMENT_TARGET = 17.2;
				LOCALIZATION_PREFERS_STRING_CATALOGS = YES;
				MTL_ENABLE_DEBUG_INFO = INCLUDE_SOURCE;
				MTL_FAST_MATH = YES;
				ONLY_ACTIVE_ARCH = YES;
				SDKROOT = iphoneos;
				SWIFT_ACTIVE_COMPILATION_CONDITIONS = "DEBUG $(inherited)";
				SWIFT_OPTIMIZATION_LEVEL = "-Onone";
			};
			name = Debug;
		};
		18414CB92BDA1A98003F93CE /* Release */ = {
			isa = XCBuildConfiguration;
			buildSettings = {
				ALWAYS_SEARCH_USER_PATHS = NO;
				ASSETCATALOG_COMPILER_GENERATE_SWIFT_ASSET_SYMBOL_EXTENSIONS = YES;
				CLANG_ANALYZER_NONNULL = YES;
				CLANG_ANALYZER_NUMBER_OBJECT_CONVERSION = YES_AGGRESSIVE;
				CLANG_CXX_LANGUAGE_STANDARD = "gnu++20";
				CLANG_ENABLE_MODULES = YES;
				CLANG_ENABLE_OBJC_ARC = YES;
				CLANG_ENABLE_OBJC_WEAK = YES;
				CLANG_WARN_BLOCK_CAPTURE_AUTORELEASING = YES;
				CLANG_WARN_BOOL_CONVERSION = YES;
				CLANG_WARN_COMMA = YES;
				CLANG_WARN_CONSTANT_CONVERSION = YES;
				CLANG_WARN_DEPRECATED_OBJC_IMPLEMENTATIONS = YES;
				CLANG_WARN_DIRECT_OBJC_ISA_USAGE = YES_ERROR;
				CLANG_WARN_DOCUMENTATION_COMMENTS = YES;
				CLANG_WARN_EMPTY_BODY = YES;
				CLANG_WARN_ENUM_CONVERSION = YES;
				CLANG_WARN_INFINITE_RECURSION = YES;
				CLANG_WARN_INT_CONVERSION = YES;
				CLANG_WARN_NON_LITERAL_NULL_CONVERSION = YES;
				CLANG_WARN_OBJC_IMPLICIT_RETAIN_SELF = YES;
				CLANG_WARN_OBJC_LITERAL_CONVERSION = YES;
				CLANG_WARN_OBJC_ROOT_CLASS = YES_ERROR;
				CLANG_WARN_QUOTED_INCLUDE_IN_FRAMEWORK_HEADER = YES;
				CLANG_WARN_RANGE_LOOP_ANALYSIS = YES;
				CLANG_WARN_STRICT_PROTOTYPES = YES;
				CLANG_WARN_SUSPICIOUS_MOVE = YES;
				CLANG_WARN_UNGUARDED_AVAILABILITY = YES_AGGRESSIVE;
				CLANG_WARN_UNREACHABLE_CODE = YES;
				CLANG_WARN__DUPLICATE_METHOD_MATCH = YES;
				COPY_PHASE_STRIP = NO;
				DEBUG_INFORMATION_FORMAT = "dwarf-with-dsym";
				ENABLE_NS_ASSERTIONS = NO;
				ENABLE_STRICT_OBJC_MSGSEND = YES;
				ENABLE_USER_SCRIPT_SANDBOXING = YES;
				GCC_C_LANGUAGE_STANDARD = gnu17;
				GCC_NO_COMMON_BLOCKS = YES;
				GCC_WARN_64_TO_32_BIT_CONVERSION = YES;
				GCC_WARN_ABOUT_RETURN_TYPE = YES_ERROR;
				GCC_WARN_UNDECLARED_SELECTOR = YES;
				GCC_WARN_UNINITIALIZED_AUTOS = YES_AGGRESSIVE;
				GCC_WARN_UNUSED_FUNCTION = YES;
				GCC_WARN_UNUSED_VARIABLE = YES;
				IPHONEOS_DEPLOYMENT_TARGET = 17.2;
				LOCALIZATION_PREFERS_STRING_CATALOGS = YES;
				MTL_ENABLE_DEBUG_INFO = NO;
				MTL_FAST_MATH = YES;
				SDKROOT = iphoneos;
				SWIFT_COMPILATION_MODE = wholemodule;
				VALIDATE_PRODUCT = YES;
			};
			name = Release;
		};
		18414CBB2BDA1A98003F93CE /* Debug */ = {
			isa = XCBuildConfiguration;
			buildSettings = {
				ASSETCATALOG_COMPILER_APPICON_NAME = AppIcon;
				ASSETCATALOG_COMPILER_GLOBAL_ACCENT_COLOR_NAME = AccentColor;
				CODE_SIGN_STYLE = Automatic;
				CURRENT_PROJECT_VERSION = 1;
				GENERATE_INFOPLIST_FILE = YES;
				INFOPLIST_FILE = VotingApp/Info.plist;
				INFOPLIST_KEY_UIApplicationSupportsIndirectInputEvents = YES;
				INFOPLIST_KEY_UILaunchStoryboardName = LaunchScreen;
				INFOPLIST_KEY_UIMainStoryboardFile = Main;
				INFOPLIST_KEY_UISupportedInterfaceOrientations_iPad = "UIInterfaceOrientationPortrait UIInterfaceOrientationPortraitUpsideDown UIInterfaceOrientationLandscapeLeft UIInterfaceOrientationLandscapeRight";
				INFOPLIST_KEY_UISupportedInterfaceOrientations_iPhone = "UIInterfaceOrientationPortrait UIInterfaceOrientationLandscapeLeft UIInterfaceOrientationLandscapeRight";
				LD_RUNPATH_SEARCH_PATHS = (
					"$(inherited)",
					"@executable_path/Frameworks",
				);
				MARKETING_VERSION = 1.0;
				PRODUCT_BUNDLE_IDENTIFIER = Ganesh.com.VotingApp;
				PRODUCT_NAME = "$(TARGET_NAME)";
				SWIFT_EMIT_LOC_STRINGS = YES;
				SWIFT_VERSION = 5.0;
				TARGETED_DEVICE_FAMILY = "1,2";
			};
			name = Debug;
		};
		18414CBC2BDA1A98003F93CE /* Release */ = {
			isa = XCBuildConfiguration;
			buildSettings = {
				ASSETCATALOG_COMPILER_APPICON_NAME = AppIcon;
				ASSETCATALOG_COMPILER_GLOBAL_ACCENT_COLOR_NAME = AccentColor;
				CODE_SIGN_STYLE = Automatic;
				CURRENT_PROJECT_VERSION = 1;
				GENERATE_INFOPLIST_FILE = YES;
				INFOPLIST_FILE = VotingApp/Info.plist;
				INFOPLIST_KEY_UIApplicationSupportsIndirectInputEvents = YES;
				INFOPLIST_KEY_UILaunchStoryboardName = LaunchScreen;
				INFOPLIST_KEY_UIMainStoryboardFile = Main;
				INFOPLIST_KEY_UISupportedInterfaceOrientations_iPad = "UIInterfaceOrientationPortrait UIInterfaceOrientationPortraitUpsideDown UIInterfaceOrientationLandscapeLeft UIInterfaceOrientationLandscapeRight";
				INFOPLIST_KEY_UISupportedInterfaceOrientations_iPhone = "UIInterfaceOrientationPortrait UIInterfaceOrientationLandscapeLeft UIInterfaceOrientationLandscapeRight";
				LD_RUNPATH_SEARCH_PATHS = (
					"$(inherited)",
					"@executable_path/Frameworks",
				);
				MARKETING_VERSION = 1.0;
				PRODUCT_BUNDLE_IDENTIFIER = Ganesh.com.VotingApp;
				PRODUCT_NAME = "$(TARGET_NAME)";
				SWIFT_EMIT_LOC_STRINGS = YES;
				SWIFT_VERSION = 5.0;
				TARGETED_DEVICE_FAMILY = "1,2";
			};
			name = Release;
		};
/* End XCBuildConfiguration section */

/* Begin XCConfigurationList section */
		18414CA12BDA1A95003F93CE /* Build configuration list for PBXProject "VotingApp" */ = {
			isa = XCConfigurationList;
			buildConfigurations = (
				18414CB82BDA1A98003F93CE /* Debug */,
				18414CB92BDA1A98003F93CE /* Release */,
			);
			defaultConfigurationIsVisible = 0;
			defaultConfigurationName = Release;
		};
		18414CBA2BDA1A98003F93CE /* Build configuration list for PBXNativeTarget "VotingApp" */ = {
			isa = XCConfigurationList;
			buildConfigurations = (
				18414CBB2BDA1A98003F93CE /* Debug */,
				18414CBC2BDA1A98003F93CE /* Release */,
			);
			defaultConfigurationIsVisible = 0;
			defaultConfigurationName = Release;
		};
/* End XCConfigurationList section */
	};
	rootObject = 18414C9E2BDA1A95003F93CE /* Project object */;
}
